
Microsoft Visual Studio Solution File, Format Version 12.00
# Visual Studio Version 17
VisualStudioVersion = 17.5.33424.131
MinimumVisualStudioVersion = 10.0.40219.1
Project("{9A19103F-16F7-4668-BE54-9A1E7A4F7556}") = "AddressBook", "AddressBook.csproj", "{815F51BF-89C9-4499-9E9C-4259FE8AA346}"
EndProject
Project("{FAE04EC0-301F-11D3-BF4B-00C04F79EFBC}") = "Logger", "..\Logger\Logger.csproj", "{159470A4-7E5F-4324-8EA5-668951041011}"
EndProject
Global
	GlobalSection(SolutionConfigurationPlatforms) = preSolution
		Debug|Any CPU = Debug|Any CPU
		Release|Any CPU = Release|Any CPU
	EndGlobalSection
	GlobalSection(ProjectConfigurationPlatforms) = postSolution
		{815F51BF-89C9-4499-9E9C-4259FE8AA346}.Debug|Any CPU.ActiveCfg = Debug|Any CPU
		{815F51BF-89C9-4499-9E9C-4259FE8AA346}.Debug|Any CPU.Build.0 = Debug|Any CPU
		{815F51BF-89C9-4499-9E9C-4259FE8AA346}.Release|Any CPU.ActiveCfg = Release|Any CPU
		{815F51BF-89C9-4499-9E9C-4259FE8AA346}.Release|Any CPU.Build.0 = Release|Any CPU
		{159470A4-7E5F-4324-8EA5-668951041011}.Debug|Any CPU.ActiveCfg = Debug|Any CPU
		{159470A4-7E5F-4324-8EA5-668951041011}.Debug|Any CPU.Build.0 = Debug|Any CPU
		{159470A4-7E5F-4324-8EA5-668951041011}.Release|Any CPU.ActiveCfg = Release|Any CPU
		{159470A4-7E5F-4324-8EA5-668951041011}.Release|Any CPU.Build.0 = Release|Any CPU
	EndGlobalSection
	GlobalSection(SolutionProperties) = preSolution
		HideSolutionNode = FALSE
	EndGlobalSection
	GlobalSection(ExtensibilityGlobals) = postSolution
		SolutionGuid = {18F8D197-8E12-43C9-AEA0-DD5AB03B7A73}
	EndGlobalSection
EndGlobal
